
Microsoft Visual Studio Solution File, Format Version 12.00
# Visual Studio 15
VisualStudioVersion = 15.0.27130.2027
MinimumVisualStudioVersion = 10.0.40219.1
Project("{8BC9CEB8-8B4A-11D0-8D11-00A0C91BC942}") = "BattleCalc", "BattleCalc\BattleCalc.vcxproj", "{7FBFBAA6-01EA-4E7C-8A58-566527970FC2}"
EndProject
Project("{8BC9CEB8-8B4A-11D0-8D11-00A0C91BC942}") = "BattleTest", "BattleTest\BattleTest.vcxproj", "{405857A5-1AB0-415D-A587-D2BD38AE1386}"
EndProject
Project("{FAE04EC0-301F-11D3-BF4B-00C04F79EFBC}") = "BattleTesterSharp", "BattleTesterSharp\BattleTesterSharp.csproj", "{E60515AE-8B88-4F8D-AD72-A78D44B22C3E}"
	ProjectSection(ProjectDependencies) = postProject
		{7FBFBAA6-01EA-4E7C-8A58-566527970FC2} = {7FBFBAA6-01EA-4E7C-8A58-566527970FC2}
	EndProjectSection
EndProject
Global
	GlobalSection(SolutionConfigurationPlatforms) = preSolution
		Debug|Any CPU = Debug|Any CPU
		Debug|x64 = Debug|x64
		Debug|x86 = Debug|x86
		Release|Any CPU = Release|Any CPU
		Release|x64 = Release|x64
		Release|x86 = Release|x86
	EndGlobalSection
	GlobalSection(ProjectConfigurationPlatforms) = postSolution
		{7FBFBAA6-01EA-4E7C-8A58-566527970FC2}.Debug|Any CPU.ActiveCfg = Debug|Win32
		{7FBFBAA6-01EA-4E7C-8A58-566527970FC2}.Debug|x64.ActiveCfg = Debug|x64
		{7FBFBAA6-01EA-4E7C-8A58-566527970FC2}.Debug|x64.Build.0 = Debug|x64
		{7FBFBAA6-01EA-4E7C-8A58-566527970FC2}.Debug|x86.ActiveCfg = Debug|Win32
		{7FBFBAA6-01EA-4E7C-8A58-566527970FC2}.Debug|x86.Build.0 = Debug|Win32
		{7FBFBAA6-01EA-4E7C-8A58-566527970FC2}.Release|Any CPU.ActiveCfg = Release|Win32
		{7FBFBAA6-01EA-4E7C-8A58-566527970FC2}.Release|x64.ActiveCfg = Release|x64
		{7FBFBAA6-01EA-4E7C-8A58-566527970FC2}.Release|x64.Build.0 = Release|x64
		{7FBFBAA6-01EA-4E7C-8A58-566527970FC2}.Release|x86.ActiveCfg = Release|Win32
		{7FBFBAA6-01EA-4E7C-8A58-566527970FC2}.Release|x86.Build.0 = Release|Win32
		{405857A5-1AB0-415D-A587-D2BD38AE1386}.Debug|Any CPU.ActiveCfg = Debug|Win32
		{405857A5-1AB0-415D-A587-D2BD38AE1386}.Debug|x64.ActiveCfg = Debug|x64
		{405857A5-1AB0-415D-A587-D2BD38AE1386}.Debug|x64.Build.0 = Debug|x64
		{405857A5-1AB0-415D-A587-D2BD38AE1386}.Debug|x86.ActiveCfg = Debug|Win32
		{405857A5-1AB0-415D-A587-D2BD38AE1386}.Debug|x86.Build.0 = Debug|Win32
		{405857A5-1AB0-415D-A587-D2BD38AE1386}.Release|Any CPU.ActiveCfg = Release|Win32
		{405857A5-1AB0-415D-A587-D2BD38AE1386}.Release|x64.ActiveCfg = Release|x64
		{405857A5-1AB0-415D-A587-D2BD38AE1386}.Release|x64.Build.0 = Release|x64
		{405857A5-1AB0-415D-A587-D2BD38AE1386}.Release|x86.ActiveCfg = Release|Win32
		{405857A5-1AB0-415D-A587-D2BD38AE1386}.Release|x86.Build.0 = Release|Win32
		{E60515AE-8B88-4F8D-AD72-A78D44B22C3E}.Debug|Any CPU.ActiveCfg = Debug|Any CPU
		{E60515AE-8B88-4F8D-AD72-A78D44B22C3E}.Debug|Any CPU.Build.0 = Debug|Any CPU
		{E60515AE-8B88-4F8D-AD72-A78D44B22C3E}.Debug|x64.ActiveCfg = Debug|Any CPU
		{E60515AE-8B88-4F8D-AD72-A78D44B22C3E}.Debug|x64.Build.0 = Debug|Any CPU
		{E60515AE-8B88-4F8D-AD72-A78D44B22C3E}.Debug|x86.ActiveCfg = Debug|Any CPU
		{E60515AE-8B88-4F8D-AD72-A78D44B22C3E}.Debug|x86.Build.0 = Debug|Any CPU
		{E60515AE-8B88-4F8D-AD72-A78D44B22C3E}.Release|Any CPU.ActiveCfg = Release|Any CPU
		{E60515AE-8B88-4F8D-AD72-A78D44B22C3E}.Release|Any CPU.Build.0 = Release|Any CPU
		{E60515AE-8B88-4F8D-AD72-A78D44B22C3E}.Release|x64.ActiveCfg = Release|Any CPU
		{E60515AE-8B88-4F8D-AD72-A78D44B22C3E}.Release|x64.Build.0 = Release|Any CPU
		{E60515AE-8B88-4F8D-AD72-A78D44B22C3E}.Release|x86.ActiveCfg = Release|Any CPU
		{E60515AE-8B88-4F8D-AD72-A78D44B22C3E}.Release|x86.Build.0 = Release|Any CPU
	EndGlobalSection
	GlobalSection(SolutionProperties) = preSolution
		HideSolutionNode = FALSE
	EndGlobalSection
	GlobalSection(ExtensibilityGlobals) = postSolution
		SolutionGuid = {AA2DCEC7-4A71-4454-80AD-084F62B90EF0}
	EndGlobalSection
EndGlobal
